<?xml version="1.0" encoding="utf-8"?>
<Project ToolsVersion="4.0" xmlns="http://schemas.microsoft.com/developer/msbuild/2003">
  <ItemGroup>
    <ClInclude Include="pch.h">
      <Filter>99. pch</Filter>
    </ClInclude>
    <ClInclude Include="ServerEnginePch.h">
      <Filter>99. pch</Filter>
    </ClInclude>
    <ClInclude Include="ServerEngineTypes.h">
      <Filter>97. Headers</Filter>
    </ClInclude>
    <ClInclude Include="ServerEngineDefines.h">
      <Filter>97. Headers</Filter>
    </ClInclude>
    <ClInclude Include="Singleton.hpp">
      <Filter>97. Headers</Filter>
    </ClInclude>
    <ClInclude Include="LogManager.h">
      <Filter>95. Managers\LogManager</Filter>
    </ClInclude>
    <ClInclude Include="ServerEngineGlobalVariables.h">
      <Filter>97. Headers</Filter>
    </ClInclude>
    <ClInclude Include="ThreadManager.h">
      <Filter>95. Managers\ThreadManager</Filter>
    </ClInclude>
    <ClInclude Include="ServerEngineTLS.h">
      <Filter>97. Headers</Filter>
    </ClInclude>
    <ClInclude Include="ServerEngineEnums.h">
      <Filter>97. Headers</Filter>
    </ClInclude>
    <ClInclude Include="Session.h">
      <Filter>06. Session</Filter>
    </ClInclude>
    <ClInclude Include="RIOContext.h">
      <Filter>05. RIOContext</Filter>
    </ClInclude>
    <ClInclude Include="PacketBuffer.h">
      <Filter>01. PacketBuffer</Filter>
    </ClInclude>
    <ClInclude Include="PacketHeader.h">
      <Filter>97. Headers</Filter>
    </ClInclude>
    <ClInclude Include="ServerEngineContainers.h">
      <Filter>97. Headers</Filter>
    </ClInclude>
    <ClInclude Include="ObjectPool.h">
      <Filter>04. MemoryPool</Filter>
    </ClInclude>
    <ClInclude Include="Timer.h">
      <Filter>96. Utils\Timer</Filter>
    </ClInclude>
    <ClInclude Include="LockQueue.h">
      <Filter>96. Utils\LockQueue</Filter>
    </ClInclude>
    <ClInclude Include="ServerEngineConfigManager.h">
      <Filter>95. Managers\ServerEngineConfigManager</Filter>
    </ClInclude>
    <ClInclude Include="ServerEngineCore.h">
      <Filter>00. ServerEngineCore</Filter>
    </ClInclude>
    <ClInclude Include="AcceptThread.h">
      <Filter>03. Network\Thread\WorkerThread\AcceptThread</Filter>
    </ClInclude>
    <ClInclude Include="IRoom.h">
      <Filter>01. Interfaces\IRoom</Filter>
    </ClInclude>
    <ClInclude Include="JobQueue.h">
      <Filter>04. JobQueue</Filter>
    </ClInclude>
    <ClInclude Include="IOCPCore.h">
      <Filter>03. Network\IOCore\IOCPCore</Filter>
    </ClInclude>
    <ClInclude Include="RIOCore.h">
      <Filter>03. Network\IOCore\RIOCore</Filter>
    </ClInclude>
    <ClInclude Include="IOCore.h">
      <Filter>03. Network\IOCore</Filter>
    </ClInclude>
    <ClInclude Include="RIORingBuffer.h">
      <Filter>02. IOBuffer</Filter>
    </ClInclude>
    <ClInclude Include="WorkerThread.h">
      <Filter>03. Network\Thread\WorkerThread</Filter>
    </ClInclude>
    <ClInclude Include="GameWorldThread.h">
      <Filter>03. Network\Thread\WorkerThread\WorldThread</Filter>
    </ClInclude>
    <ClInclude Include="PacketHandler.h">
      <Filter>03. Network\PacketHandler</Filter>
    </ClInclude>
    <ClInclude Include="ServerEngineStruct.h">
      <Filter>97. Headers</Filter>
    </ClInclude>
    <ClInclude Include="TaskQueue.h">
      <Filter>Task</Filter>
    </ClInclude>
    <ClInclude Include="TaskTimer.h">
      <Filter>Task</Filter>
    </ClInclude>
    <ClInclude Include="TaskQueueManager.h">
      <Filter>Task</Filter>
    </ClInclude>
    <ClInclude Include="Task.h">
      <Filter>Task</Filter>
    </ClInclude>
    <ClInclude Include="Job.h">
      <Filter>04. JobQueue\Job</Filter>
    </ClInclude>
  </ItemGroup>
  <ItemGroup>
    <ClCompile Include="pch.cpp">
      <Filter>99. pch</Filter>
    </ClCompile>
    <ClCompile Include="ServerEnginePch.cpp">
      <Filter>99. pch</Filter>
    </ClCompile>
    <ClCompile Include="LogManager.cpp">
      <Filter>95. Managers\LogManager</Filter>
    </ClCompile>
    <ClCompile Include="ThreadManager.cpp">
      <Filter>95. Managers\ThreadManager</Filter>
    </ClCompile>
    <ClCompile Include="Session.cpp">
      <Filter>06. Session</Filter>
    </ClCompile>
    <ClCompile Include="RIOContext.cpp">
      <Filter>05. RIOContext</Filter>
    </ClCompile>
    <ClCompile Include="PacketBuffer.cpp">
      <Filter>01. PacketBuffer</Filter>
    </ClCompile>
    <ClCompile Include="ObjectPool.cpp">
      <Filter>04. MemoryPool</Filter>
    </ClCompile>
    <ClCompile Include="Timer.cpp">
      <Filter>96. Utils\Timer</Filter>
    </ClCompile>
    <ClCompile Include="LockQueue.cpp">
      <Filter>96. Utils\LockQueue</Filter>
    </ClCompile>
    <ClCompile Include="ServerEngineTLS.cpp">
      <Filter>97. Headers</Filter>
    </ClCompile>
    <ClCompile Include="ServerEngineConfigManager.cpp">
      <Filter>95. Managers\ServerEngineConfigManager</Filter>
    </ClCompile>
    <ClCompile Include="ServerEngineCore.cpp">
      <Filter>00. ServerEngineCore</Filter>
    </ClCompile>
    <ClCompile Include="AcceptThread.cpp">
      <Filter>03. Network\Thread\WorkerThread\AcceptThread</Filter>
    </ClCompile>
    <ClCompile Include="IRoom.cpp">
      <Filter>01. Interfaces\IRoom</Filter>
    </ClCompile>
    <ClCompile Include="JobQueue.cpp">
      <Filter>04. JobQueue</Filter>
    </ClCompile>
    <ClCompile Include="IOCore.cpp">
      <Filter>03. Network\IOCore</Filter>
    </ClCompile>
    <ClCompile Include="IOCPCore.cpp">
      <Filter>03. Network\IOCore\IOCPCore</Filter>
    </ClCompile>
    <ClCompile Include="RIOCore.cpp">
      <Filter>03. Network\IOCore\RIOCore</Filter>
    </ClCompile>
    <ClCompile Include="RIORingBuffer.cpp">
      <Filter>02. IOBuffer</Filter>
    </ClCompile>
    <ClCompile Include="WorkerThread.cpp">
      <Filter>03. Network\Thread\WorkerThread</Filter>
    </ClCompile>
    <ClCompile Include="GameWorldThread.cpp">
      <Filter>03. Network\Thread\WorkerThread\WorldThread</Filter>
    </ClCompile>
    <ClCompile Include="PacketHandler.cpp">
      <Filter>03. Network\PacketHandler</Filter>
    </ClCompile>
    <ClCompile Include="TaskQueue.cpp">
      <Filter>Task</Filter>
    </ClCompile>
    <ClCompile Include="TaskQueueManager.cpp">
      <Filter>Task</Filter>
    </ClCompile>
    <ClCompile Include="TaskTimer.cpp">
      <Filter>Task</Filter>
    </ClCompile>
    <ClCompile Include="Task.cpp">
      <Filter>Task</Filter>
    </ClCompile>
    <ClCompile Include="Job.cpp">
      <Filter>04. JobQueue\Job</Filter>
    </ClCompile>
  </ItemGroup>
  <ItemGroup>
    <Filter Include="99. pch">
      <UniqueIdentifier>{bcb828dd-e22c-4feb-8eba-84175ef8fb50}</UniqueIdentifier>
    </Filter>
    <Filter Include="97. Headers">
      <UniqueIdentifier>{6a2de00f-6658-4f89-82d3-66f988195fa6}</UniqueIdentifier>
    </Filter>
    <Filter Include="96. Utils">
      <UniqueIdentifier>{855f9310-39d4-4a17-a7d6-7ae7c8fe2037}</UniqueIdentifier>
    </Filter>
    <Filter Include="96. Utils\Timer">
      <UniqueIdentifier>{69cdb712-faaa-4fa1-9059-8073e90ec835}</UniqueIdentifier>
    </Filter>
    <Filter Include="96. Utils\LockQueue">
      <UniqueIdentifier>{5dc3df8c-7926-4827-bcac-6716fcb3b008}</UniqueIdentifier>
    </Filter>
    <Filter Include="04. MemoryPool">
      <UniqueIdentifier>{1d58aba8-4053-4370-bdfc-a12582f80127}</UniqueIdentifier>
    </Filter>
    <Filter Include="01. PacketBuffer">
      <UniqueIdentifier>{318a6894-4e25-4f08-9f0d-63bf683b97c5}</UniqueIdentifier>
    </Filter>
    <Filter Include="Task">
      <UniqueIdentifier>{ca4e15bf-513f-4a6d-93b5-0d2393e758f8}</UniqueIdentifier>
    </Filter>
    <Filter Include="00. ServerEngineCore">
      <UniqueIdentifier>{75449ec7-4223-4197-8a17-e2d1740c71ed}</UniqueIdentifier>
    </Filter>
    <Filter Include="01. Interfaces">
      <UniqueIdentifier>{76725601-eb7a-4fc1-9480-b35ced554647}</UniqueIdentifier>
    </Filter>
    <Filter Include="01. Interfaces\IRoom">
      <UniqueIdentifier>{a300e325-95c2-457e-825a-d436fe1eecd8}</UniqueIdentifier>
    </Filter>
    <Filter Include="02. IOBuffer">
      <UniqueIdentifier>{2f9ce61b-087b-462f-a034-da844e60f290}</UniqueIdentifier>
    </Filter>
    <Filter Include="03. Network">
      <UniqueIdentifier>{5db253db-94e8-44b1-b9d7-2d02cd9a7948}</UniqueIdentifier>
    </Filter>
    <Filter Include="03. Network\Thread">
      <UniqueIdentifier>{c66e3896-1eed-4ccc-952f-e9829262ab5e}</UniqueIdentifier>
    </Filter>
    <Filter Include="03. Network\Thread\WorkerThread">
      <UniqueIdentifier>{6875bbd8-eee7-47be-b76c-276e02a4b1a1}</UniqueIdentifier>
    </Filter>
    <Filter Include="03. Network\Thread\WorkerThread\AcceptThread">
      <UniqueIdentifier>{1ef05aae-e0e7-472a-ab5e-aa8e57644be0}</UniqueIdentifier>
    </Filter>
    <Filter Include="03. Network\Thread\WorkerThread\WorldThread">
      <UniqueIdentifier>{ff95a3fa-3593-42f6-9a65-fde0e1415856}</UniqueIdentifier>
    </Filter>
    <Filter Include="03. Network\PacketHandler">
      <UniqueIdentifier>{823932bf-90ee-4fa5-a3fb-fc113e8fefb3}</UniqueIdentifier>
    </Filter>
    <Filter Include="04. JobQueue">
      <UniqueIdentifier>{f9048861-98d4-478f-a8de-ffa48c9a104a}</UniqueIdentifier>
    </Filter>
    <Filter Include="04. JobQueue\Job">
      <UniqueIdentifier>{4ff6dd8f-b840-47e4-b494-459156612053}</UniqueIdentifier>
    </Filter>
    <Filter Include="05. RIOContext">
      <UniqueIdentifier>{b96ee7c2-477c-43df-921f-b3f7f8ce763d}</UniqueIdentifier>
    </Filter>
    <Filter Include="06. Session">
      <UniqueIdentifier>{eb31e871-5f7c-4630-b420-fa5a7eee4f00}</UniqueIdentifier>
    </Filter>
    <Filter Include="03. Network\IOCore">
      <UniqueIdentifier>{7cb32645-4561-4a68-82a2-e10c6dd5752a}</UniqueIdentifier>
    </Filter>
    <Filter Include="03. Network\IOCore\RIOCore">
      <UniqueIdentifier>{5a3164d6-bd80-4efa-a4b0-01b8424f8ff6}</UniqueIdentifier>
    </Filter>
    <Filter Include="03. Network\IOCore\IOCPCore">
      <UniqueIdentifier>{41d7538b-8c51-40d6-87f6-ad53ba8ce9be}</UniqueIdentifier>
    </Filter>
    <Filter Include="95. Managers">
      <UniqueIdentifier>{7c7af7e4-cec0-40df-91c6-d41042cc9d8f}</UniqueIdentifier>
    </Filter>
    <Filter Include="95. Managers\LogManager">
      <UniqueIdentifier>{b18df161-993b-456d-a224-8396640585d1}</UniqueIdentifier>
    </Filter>
    <Filter Include="95. Managers\ServerEngineConfigManager">
      <UniqueIdentifier>{06908acf-c435-4d20-ac06-5b95ff8faf20}</UniqueIdentifier>
    </Filter>
    <Filter Include="95. Managers\ThreadManager">
      <UniqueIdentifier>{2f44d5a8-32ba-4447-83df-a70db6f8fb2d}</UniqueIdentifier>
    </Filter>
  </ItemGroup>
  <ItemGroup>
    <None Include="packages.config" />
    <None Include="..\Binaries\Server\Config\ServerEngineConfig.json">
      <Filter>95. Managers</Filter>
    </None>
  </ItemGroup>
</Project>