<?xml version="1.0" encoding="utf-8"?>
<Project ToolsVersion="4.0" xmlns="http://schemas.microsoft.com/developer/msbuild/2003">
  <ItemGroup>
    <FxCompile Include="Resource\Shader\SkinningCompute.hlsl" />
  </ItemGroup>
  <ItemGroup>
    <ClCompile Include="Component\FSM\FSMComponent.cpp" />
    <ClCompile Include="Component\FSM\GeneralStates.cpp" />
    <ClCompile Include="Component\FSM\StatePool.cpp" />
    <ClCompile Include="Component\HealthComponent.cpp" />
    <ClCompile Include="Component\Lobby\LobbySceneControllerComponent.cpp" />
    <ClCompile Include="Component\Login\LoginControllerComponent.cpp" />
    <ClCompile Include="Component\PlayerControllerComponent.cpp" />
    <ClCompile Include="Component\Room\RoomSceneControllerComponent.cpp" />
    <ClCompile Include="Component\StaminaComponent.cpp" />
    <ClCompile Include="Component\StressTestComponent.cpp" />
    <ClCompile Include="Component\TeamComponent.cpp" />
    <ClCompile Include="Component\VitalUIControllerComponent.cpp" />
    <ClCompile Include="main.cpp" />
    <ClCompile Include="Packets\C2SPackets.cpp" />
    <ClCompile Include="Packets\PacketHandler.cpp" />
    <ClCompile Include="Packets\S2CPackets.cpp" />
    <ClCompile Include="RenderPass\CopyToBackBufferPass.cpp" />
    <ClCompile Include="RenderPass\DxrRenderPass.cpp" />
    <ClCompile Include="RenderPass\SkinningPass.cpp" />
    <ClCompile Include="RenderPass\UIRenderPass.cpp" />
    <ClCompile Include="Scene\LoadingScene.cpp" />
    <ClCompile Include="Scene\LobbyScene.cpp" />
    <ClCompile Include="Scene\LoginScene.cpp" />
    <ClCompile Include="Scene\RoomScene.cpp" />
    <ClCompile Include="Scene\SampleScene.cpp" />
    <ClCompile Include="stdafxClient.cpp" />
    <ClCompile Include="Component\BattleUIControllerComponent.cpp" />
    <ClCompile Include="Util\AnimationLoader.cpp" />
  </ItemGroup>
  <ItemGroup>
    <ClInclude Include="Component\FSM\FSMComponent.h" />
    <ClInclude Include="Component\FSM\GeneralStates.h" />
    <ClInclude Include="Component\FSM\StatePool.h" />
    <ClInclude Include="Component\HealthComponent.h" />
    <ClInclude Include="Component\Lobby\LobbySceneControllerComponent.h" />
    <ClInclude Include="Component\Login\LoginControllerComponent.h" />
    <ClInclude Include="Component\PlayerControllerComponent.h" />
    <ClInclude Include="Component\Room\RoomSceneControllerComponent.h" />
    <ClInclude Include="Component\StaminaComponent.h" />
    <ClInclude Include="Component\StressTestComponent.h" />
    <ClInclude Include="Component\TeamComponent.h" />
    <ClInclude Include="Component\VitalUIControllerComponent.h" />
    <ClInclude Include="EisenValor.h" />
    <ClInclude Include="Packets\C2SPackets.h" />
    <ClInclude Include="Packets\Enums_generated.h" />
    <ClInclude Include="Packets\PacketHandler.h" />
    <ClInclude Include="Packets\S2CPackets.h" />
    <ClInclude Include="Packets\ServerEnum.h" />
    <ClInclude Include="Packets\Structs_generated.h" />
    <ClInclude Include="Packets\Tables_generated.h" />
    <ClInclude Include="RaytracingCommon.h" />
    <ClInclude Include="RenderData\GeoTableRenderData.h" />
    <ClInclude Include="RenderData\InstanceRenderData.h" />
    <ClInclude Include="RenderData\MaterialRenderData.h" />
    <ClInclude Include="RenderData\RaytracingOutputRenderData.h" />
    <ClInclude Include="RenderPass\CopyToBackBufferPass.h" />
    <ClInclude Include="RenderPass\DxrRenderPass.h" />
    <ClInclude Include="RenderPass\SkinningPass.h" />
    <ClInclude Include="RenderPass\UIRenderPass.h" />
    <ClInclude Include="Resource.h" />
    <ClInclude Include="Scene\LoadingScene.h" />
    <ClInclude Include="Scene\LobbyScene.h" />
    <ClInclude Include="Scene\LoginScene.h" />
    <ClInclude Include="Scene\RoomScene.h" />
    <ClInclude Include="Scene\SampleScene.h" />
    <ClInclude Include="stdafxClient.h" />
    <ClInclude Include="Component\BattleUIControllerComponent.h" />
    <ClInclude Include="Util\AnimationLoader.h" />
    <ClInclude Include="Scene\SceneComponentData\TorchEmitterSceneComponentData.h" />
  </ItemGroup>
  <ItemGroup>
    <ResourceCompile Include="EisenValor.rc" />
  </ItemGroup>
  <ItemGroup>
    <Image Include="EisenValor.ico" />
    <Image Include="small.ico" />
  </ItemGroup>
  <ItemGroup>
    <None Include="..\.clang-format" />
    <None Include="Resource\Shader\RaytracingPrimary.hlsl" />
    <None Include="Resource\Shader\RaytracingLibrary.hlsl" />
    <None Include="Resource\Shader\RaytracingLibraryPT.hlsl" />
    <None Include="Resource\Shader\RaytracingCommon.hlsli" />
    <None Include="Resource\Shader\UIVertexShader.hlsl" />
    <None Include="Resource\Shader\UIPixelShader.hlsl" />
    <None Include="..\Packets\Binaries\Enums.fbs" />
    <None Include="..\Packets\Binaries\Structs.fbs" />
    <None Include="..\Packets\Binaries\Tables.fbs" />
    <None Include="packages.config" />
  </ItemGroup>
</Project>