<?xml version="1.0" encoding="utf-8"?>
<Project ToolsVersion="4.0" xmlns="http://schemas.microsoft.com/developer/msbuild/2003">
  <ItemGroup>
    <Filter Include="소스 파일">
      <UniqueIdentifier>{4FC737F1-C7A5-4376-A066-2A32D752A2FF}</UniqueIdentifier>
      <Extensions>cpp;c;cc;cxx;c++;cppm;ixx;def;odl;idl;hpj;bat;asm;asmx</Extensions>
    </Filter>
    <Filter Include="헤더 파일">
      <UniqueIdentifier>{93995380-89BD-4b04-88EB-625FBE52EBFB}</UniqueIdentifier>
      <Extensions>h;hh;hpp;hxx;h++;hm;inl;inc;ipp;xsd</Extensions>
    </Filter>
    <Filter Include="리소스 파일">
      <UniqueIdentifier>{67DA6AB6-F800-4c08-8B7A-83BB121AAD01}</UniqueIdentifier>
      <Extensions>rc;ico;cur;bmp;dlg;rc2;rct;bin;rgs;gif;jpg;jpeg;jpe;resx;tiff;tif;png;wav;mfcribbon-ms</Extensions>
    </Filter>
    <Filter Include="Shaders">
      <UniqueIdentifier>{99e1086d-2675-4837-bbf4-511fdd0d0603}</UniqueIdentifier>
      <Extensions>hlsl;hlsli</Extensions>
    </Filter>
    <Filter Include="RenderPass">
      <UniqueIdentifier>{c60e310a-9a7a-433c-8fa8-e607c81fdd65}</UniqueIdentifier>
    </Filter>
    <Filter Include="Scene">
      <UniqueIdentifier>{38e8648f-026b-47d2-a991-c96122ed006b}</UniqueIdentifier>
    </Filter>
    <Filter Include="Component">
      <UniqueIdentifier>{99f2ac79-69d0-41c3-9f93-f4e84ec9a503}</UniqueIdentifier>
    </Filter>
    <Filter Include="Packets">
      <UniqueIdentifier>{43ff6f2b-6884-403e-b9e4-7cd1773a46d6}</UniqueIdentifier>
    </Filter>
    <Filter Include="Packets\FBS">
      <UniqueIdentifier>{74fef24a-8fa9-4d18-afb6-90e1024ac089}</UniqueIdentifier>
    </Filter>
    <Filter Include="Packets\PacketHandler">
      <UniqueIdentifier>{344dd69f-16c8-4ce6-ad4b-2d95a9fae30e}</UniqueIdentifier>
    </Filter>
    <Filter Include="UI">
      <UniqueIdentifier>{343191af-0f9a-4c0c-b11b-5ba9df649a5e}</UniqueIdentifier>
    </Filter>
    <Filter Include="Component\Vital">
      <UniqueIdentifier>{990ceb67-0df0-4224-988a-2ecb5abf5557}</UniqueIdentifier>
    </Filter>
    <Filter Include="Component\UI">
      <UniqueIdentifier>{7e1b3462-47a3-4408-bc83-5a8dcbceb848}</UniqueIdentifier>
    </Filter>
    <Filter Include="Component\FSM">
      <UniqueIdentifier>{a1b2c3d4-e5f6-4789-8012-3456789abcde}</UniqueIdentifier>
    </Filter>
    <Filter Include="Component\Login">
      <UniqueIdentifier>{b2c3d4e5-f6a7-4890-9123-456789abcdef}</UniqueIdentifier>
    </Filter>
    <Filter Include="Component\Lobby">
      <UniqueIdentifier>{c3d4e5f6-a7b8-4901-a234-56789abcdef0}</UniqueIdentifier>
    </Filter>
    <Filter Include="Component\Room">
      <UniqueIdentifier>{d4e5f6a7-b8c9-4a12-b345-6789abcdef01}</UniqueIdentifier>
    </Filter>
    <Filter Include="Util">
      <UniqueIdentifier>{e5f6a7b8-c9d0-4b23-c456-789abcdef012}</UniqueIdentifier>
    </Filter>
    <Filter Include="RenderData">
      <UniqueIdentifier>{f6a7b8c9-d0e1-4c34-d567-89abcdef0123}</UniqueIdentifier>
    </Filter>
    <Filter Include="Shaders\Raytracing">
      <UniqueIdentifier>{1cbc23a3-4a25-4684-a764-6079b6173e2f}</UniqueIdentifier>
    </Filter>
    <Filter Include="Shaders\UI">
      <UniqueIdentifier>{23bf07f2-367c-4343-a7b1-8a039ca77519}</UniqueIdentifier>
    </Filter>
    <Filter Include="Component\ComponentMetadata">
      <UniqueIdentifier>{c267c778-8330-446a-876e-ed36154e056e}</UniqueIdentifier>
    </Filter>
    <Filter Include="NavMesh">
      <UniqueIdentifier>{7123454c-2864-44c9-95dc-a1e5920e3aad}</UniqueIdentifier>
    </Filter>
  </ItemGroup>
  <ItemGroup>
    <ClInclude Include="Resource.h">
      <Filter>헤더 파일</Filter>
    </ClInclude>
    <ClInclude Include="EisenValor.h">
      <Filter>헤더 파일</Filter>
    </ClInclude>
    <ClInclude Include="stdafxClient.h">
      <Filter>헤더 파일</Filter>
    </ClInclude>
    <ClInclude Include="Packets\PacketHandler.h">
      <Filter>Packets\PacketHandler</Filter>
    </ClInclude>
    <ClInclude Include="RenderPass\HdrResolvePass.h">
      <Filter>RenderPass</Filter>
    </ClInclude>
    <ClInclude Include="RenderPass\DxrRenderPass.h">
      <Filter>RenderPass</Filter>
    </ClInclude>
    <ClInclude Include="Scene\SampleScene.h">
      <Filter>Scene</Filter>
    </ClInclude>
    <ClInclude Include="Packets\C2SPackets.h">
      <Filter>Packets</Filter>
    </ClInclude>
    <ClInclude Include="Packets\S2CPackets.h">
      <Filter>Packets</Filter>
    </ClInclude>
    <ClInclude Include="Packets\Enums_generated.h">
      <Filter>Packets</Filter>
    </ClInclude>
    <ClInclude Include="Packets\Structs_generated.h">
      <Filter>Packets</Filter>
    </ClInclude>
    <ClInclude Include="Packets\Tables_generated.h">
      <Filter>Packets</Filter>
    </ClInclude>
    <ClInclude Include="RenderPass\UIRenderPass.h">
      <Filter>RenderPass</Filter>
    </ClInclude>
    <ClInclude Include="Component\HealthComponent.h">
      <Filter>Component\Vital</Filter>
    </ClInclude>
    <ClInclude Include="Component\StaminaComponent.h">
      <Filter>Component\Vital</Filter>
    </ClInclude>
    <ClInclude Include="Component\TeamComponent.h">
      <Filter>Component\Vital</Filter>
    </ClInclude>
    <ClInclude Include="Component\BattleUIControllerComponent.h">
      <Filter>Component\UI</Filter>
    </ClInclude>
    <ClInclude Include="Component\VitalUIControllerComponent.h">
      <Filter>Component\UI</Filter>
    </ClInclude>
    <ClInclude Include="Component\PlayerControllerComponent.h">
      <Filter>Component\Vital</Filter>
    </ClInclude>
    <ClInclude Include="Component\FSM\FSMComponent.h">
      <Filter>Component\FSM</Filter>
    </ClInclude>
    <ClInclude Include="Component\FSM\StatePool.h">
      <Filter>Component\FSM</Filter>
    </ClInclude>
    <ClInclude Include="RaytracingCommon.h">
      <Filter>헤더 파일</Filter>
    </ClInclude>
    <ClInclude Include="RenderPass\SkinningPass.h">
      <Filter>RenderPass</Filter>
    </ClInclude>
    <ClInclude Include="RenderData\InstanceRenderData.h">
      <Filter>RenderData</Filter>
    </ClInclude>
    <ClInclude Include="RenderData\MaterialRenderData.h">
      <Filter>RenderData</Filter>
    </ClInclude>
    <ClInclude Include="RenderData\GeoTableRenderData.h">
      <Filter>RenderData</Filter>
    </ClInclude>
    <ClInclude Include="Component\StressTestComponent.h">
      <Filter>Component</Filter>
    </ClInclude>
    <ClInclude Include="RenderData\RaytracingOutputRenderData.h">
      <Filter>RenderData</Filter>
    </ClInclude>
    <ClInclude Include="Scene\LoginScene.h">
      <Filter>Scene</Filter>
    </ClInclude>
    <ClInclude Include="Component\Login\LoginControllerComponent.h">
      <Filter>Component\Login</Filter>
    </ClInclude>
    <ClInclude Include="Util\AnimationLoader.h">
      <Filter>Util</Filter>
    </ClInclude>
    <ClInclude Include="Scene\LobbyScene.h">
      <Filter>Scene</Filter>
    </ClInclude>
    <ClInclude Include="Scene\RoomScene.h">
      <Filter>Scene</Filter>
    </ClInclude>
    <ClInclude Include="Scene\LoadingScene.h">
      <Filter>Scene</Filter>
    </ClInclude>
    <ClInclude Include="Component\Lobby\LobbySceneControllerComponent.h">
      <Filter>Component\Lobby</Filter>
    </ClInclude>
    <ClInclude Include="Component\Room\RoomSceneControllerComponent.h">
      <Filter>Component\Room</Filter>
    </ClInclude>
    <ClInclude Include="Util\CameraConfig.h">
      <Filter>Util</Filter>
    </ClInclude>
    <ClInclude Include="Packets\PacketEnums.h">
      <Filter>헤더 파일</Filter>
    </ClInclude>
    <ClInclude Include="Component\SocketComponent.h">
      <Filter>Component</Filter>
    </ClInclude>
    <ClInclude Include="Util\GameConstants.h">
      <Filter>Util</Filter>
    </ClInclude>
    <ClInclude Include="Scene\SceneComponentData\TorchEmitterSceneComponentData.h">
      <Filter>Component\ComponentMetadata</Filter>
    </ClInclude>
    <ClInclude Include="Component\FSM\StateImplementations.h">
      <Filter>Component\FSM</Filter>
    </ClInclude>
    <ClInclude Include="NavMesh\DetourAlloc.h">
      <Filter>NavMesh</Filter>
    </ClInclude>
    <ClInclude Include="NavMesh\DetourAssert.h">
      <Filter>NavMesh</Filter>
    </ClInclude>
    <ClInclude Include="NavMesh\DetourCommon.h">
      <Filter>NavMesh</Filter>
    </ClInclude>
    <ClInclude Include="NavMesh\DetourLocalBoundary.h">
      <Filter>NavMesh</Filter>
    </ClInclude>
    <ClInclude Include="NavMesh\DetourMath.h">
      <Filter>NavMesh</Filter>
    </ClInclude>
    <ClInclude Include="NavMesh\DetourNavMesh.h">
      <Filter>NavMesh</Filter>
    </ClInclude>
    <ClInclude Include="NavMesh\DetourNavMeshBuilder.h">
      <Filter>NavMesh</Filter>
    </ClInclude>
    <ClInclude Include="NavMesh\DetourNavMeshQuery.h">
      <Filter>NavMesh</Filter>
    </ClInclude>
    <ClInclude Include="NavMesh\DetourNode.h">
      <Filter>NavMesh</Filter>
    </ClInclude>
    <ClInclude Include="NavMesh\DetourObstacleAvoidance.h">
      <Filter>NavMesh</Filter>
    </ClInclude>
    <ClInclude Include="NavMesh\DetourPathCorridor.h">
      <Filter>NavMesh</Filter>
    </ClInclude>
    <ClInclude Include="NavMesh\DetourPathQueue.h">
      <Filter>NavMesh</Filter>
    </ClInclude>
    <ClInclude Include="NavMesh\DetourProximityGrid.h">
      <Filter>NavMesh</Filter>
    </ClInclude>
    <ClInclude Include="NavMesh\DetourStatus.h">
      <Filter>NavMesh</Filter>
    </ClInclude>
  </ItemGroup>
  <ItemGroup>
    <ClCompile Include="stdafxClient.cpp">
      <Filter>소스 파일</Filter>
    </ClCompile>
    <ClCompile Include="main.cpp">
      <Filter>소스 파일</Filter>
    </ClCompile>
    <ClCompile Include="Packets\PacketHandler.cpp">
      <Filter>Packets\PacketHandler</Filter>
    </ClCompile>
    <ClCompile Include="RenderPass\HdrResolvePass.cpp">
      <Filter>RenderPass</Filter>
    </ClCompile>
    <ClCompile Include="RenderPass\DxrRenderPass.cpp">
      <Filter>RenderPass</Filter>
    </ClCompile>
    <ClCompile Include="Scene\SampleScene.cpp">
      <Filter>Scene</Filter>
    </ClCompile>
    <ClCompile Include="Packets\C2SPackets.cpp">
      <Filter>Packets</Filter>
    </ClCompile>
    <ClCompile Include="Packets\S2CPackets.cpp">
      <Filter>Packets</Filter>
    </ClCompile>
    <ClCompile Include="RenderPass\UIRenderPass.cpp">
      <Filter>RenderPass</Filter>
    </ClCompile>
    <ClCompile Include="Component\HealthComponent.cpp">
      <Filter>Component\Vital</Filter>
    </ClCompile>
    <ClCompile Include="Component\StaminaComponent.cpp">
      <Filter>Component\Vital</Filter>
    </ClCompile>
    <ClCompile Include="Component\TeamComponent.cpp">
      <Filter>Component\Vital</Filter>
    </ClCompile>
    <ClCompile Include="Component\BattleUIControllerComponent.cpp">
      <Filter>Component\UI</Filter>
    </ClCompile>
    <ClCompile Include="Component\VitalUIControllerComponent.cpp">
      <Filter>Component\UI</Filter>
    </ClCompile>
    <ClCompile Include="Component\PlayerControllerComponent.cpp">
      <Filter>Component\Vital</Filter>
    </ClCompile>
    <ClCompile Include="Component\FSM\FSMComponent.cpp">
      <Filter>Component\FSM</Filter>
    </ClCompile>
    <ClCompile Include="Component\FSM\StatePolicy.cpp">
      <Filter>Component\FSM</Filter>
    </ClCompile>
    <ClCompile Include="Component\FSM\StatePool.cpp">
      <Filter>Component\FSM</Filter>
    </ClCompile>
    <ClCompile Include="RenderPass\SkinningPass.cpp">
      <Filter>RenderPass</Filter>
    </ClCompile>
    <ClCompile Include="Component\StressTestComponent.cpp">
      <Filter>Component</Filter>
    </ClCompile>
    <ClCompile Include="Scene\LoginScene.cpp">
      <Filter>Scene</Filter>
    </ClCompile>
    <ClCompile Include="Component\Login\LoginControllerComponent.cpp">
      <Filter>Component\Login</Filter>
    </ClCompile>
    <ClCompile Include="Util\AnimationLoader.cpp">
      <Filter>Util</Filter>
    </ClCompile>
    <ClCompile Include="Scene\LobbyScene.cpp">
      <Filter>Scene</Filter>
    </ClCompile>
    <ClCompile Include="Scene\RoomScene.cpp">
      <Filter>Scene</Filter>
    </ClCompile>
    <ClCompile Include="Scene\LoadingScene.cpp">
      <Filter>Scene</Filter>
    </ClCompile>
    <ClCompile Include="Component\Lobby\LobbySceneControllerComponent.cpp">
      <Filter>Component\Lobby</Filter>
    </ClCompile>
    <ClCompile Include="Component\Room\RoomSceneControllerComponent.cpp">
      <Filter>Component\Room</Filter>
    </ClCompile>
    <ClCompile Include="Component\SocketComponent.cpp">
      <Filter>Component</Filter>
    </ClCompile>
    <ClCompile Include="Component\FSM\StateImplementations.cpp">
      <Filter>Component\FSM</Filter>
    </ClCompile>
    <ClCompile Include="NavMesh\DetourAlloc.cpp">
      <Filter>NavMesh</Filter>
    </ClCompile>
    <ClCompile Include="NavMesh\DetourAssert.cpp">
      <Filter>NavMesh</Filter>
    </ClCompile>
    <ClCompile Include="NavMesh\DetourCommon.cpp">
      <Filter>NavMesh</Filter>
    </ClCompile>
    <ClCompile Include="NavMesh\DetourLocalBoundary.cpp">
      <Filter>NavMesh</Filter>
    </ClCompile>
    <ClCompile Include="NavMesh\DetourNavMesh.cpp">
      <Filter>NavMesh</Filter>
    </ClCompile>
    <ClCompile Include="NavMesh\DetourNavMeshBuilder.cpp">
      <Filter>NavMesh</Filter>
    </ClCompile>
    <ClCompile Include="NavMesh\DetourNavMeshQuery.cpp">
      <Filter>NavMesh</Filter>
    </ClCompile>
    <ClCompile Include="NavMesh\DetourNode.cpp">
      <Filter>NavMesh</Filter>
    </ClCompile>
    <ClCompile Include="NavMesh\DetourObstacleAvoidance.cpp">
      <Filter>NavMesh</Filter>
    </ClCompile>
    <ClCompile Include="NavMesh\DetourPathCorridor.cpp">
      <Filter>NavMesh</Filter>
    </ClCompile>
    <ClCompile Include="NavMesh\DetourPathQueue.cpp">
      <Filter>NavMesh</Filter>
    </ClCompile>
    <ClCompile Include="NavMesh\DetourProximityGrid.cpp">
      <Filter>NavMesh</Filter>
    </ClCompile>
  </ItemGroup>
  <ItemGroup>
    <ResourceCompile Include="EisenValor.rc" />
  </ItemGroup>
  <ItemGroup>
    <Image Include="EisenValor.ico" />
    <Image Include="small.ico" />
  </ItemGroup>
  <ItemGroup>
    <None Include="..\Packets\Binaries\Enums.fbs" />
    <None Include="..\Packets\Binaries\Structs.fbs" />
    <None Include="..\Packets\Binaries\Tables.fbs" />
    <None Include="packages.config" />
    <None Include="..\.clang-format">
      <Filter>Util</Filter>
    </None>
    <None Include="Resource\Shader\RaytracingLibrary.hlsl">
      <Filter>Shaders\Raytracing</Filter>
    </None>
    <None Include="Resource\Shader\RaytracingLibraryPT.hlsl">
      <Filter>Shaders\Raytracing</Filter>
    </None>
    <None Include="Resource\Shader\RaytracingPrimary.hlsl">
      <Filter>Shaders\Raytracing</Filter>
    </None>
    <None Include="Resource\Shader\RaytracingMaterialEmission.hlsli">
      <Filter>Shaders\Raytracing</Filter>
    </None>
    <None Include="Resource\Shader\RaytracingTerrain.hlsli">
      <Filter>Shaders\Raytracing</Filter>
    </None>
    <None Include="Resource\Shader\RaytracingEnvironment.hlsli">
      <Filter>Shaders\Raytracing</Filter>
    </None>
    <None Include="Resource\Shader\RaytracingLighting.hlsli">
      <Filter>Shaders\Raytracing</Filter>
    </None>
    <None Include="Resource\Shader\RaytracingPostProcess.hlsli">
      <Filter>Shaders\Raytracing</Filter>
    </None>
    <None Include="Resource\Shader\FullscreenToneMap.hlsl">
      <Filter>Shaders\Raytracing</Filter>
    </None>
    <None Include="Resource\Shader\UIPixelShader.hlsl">
      <Filter>Shaders\UI</Filter>
    </None>
    <None Include="Resource\Shader\UIVertexShader.hlsl">
      <Filter>Shaders\UI</Filter>
    </None>
  </ItemGroup>
  <ItemGroup>
    <FxCompile Include="Resource\Shader\SkinningCompute.hlsl">
      <Filter>Shaders</Filter>
    </FxCompile>
  </ItemGroup>
</Project>