<?xml version="1.0" encoding="utf-8"?>
<Project ToolsVersion="4.0" xmlns="http://schemas.microsoft.com/developer/msbuild/2003">
  <ItemGroup>
    <Filter Include="Mocks">
      <UniqueIdentifier>{64fef551-cd17-4168-9fe2-3733a116bb6f}</UniqueIdentifier>
    </Filter>
    <Filter Include="Common">
      <UniqueIdentifier>{ca6b70a2-a43a-42cb-a7e8-3c52dbe9e939}</UniqueIdentifier>
    </Filter>
    <Filter Include="Common\Global">
      <UniqueIdentifier>{d604d47d-a63e-4c1f-804c-5b5e63331e2b}</UniqueIdentifier>
    </Filter>
    <Filter Include="Common\Math">
      <UniqueIdentifier>{53cf2af8-f784-4ef2-a2e3-158d66ce8726}</UniqueIdentifier>
    </Filter>
    <Filter Include="Component">
      <UniqueIdentifier>{f70ac7b0-5795-4e7d-b0dd-2cee3eec07fc}</UniqueIdentifier>
    </Filter>
    <Filter Include="Graphics">
      <UniqueIdentifier>{c5a1ad20-20ac-4ecf-8e41-100dd36b9cc7}</UniqueIdentifier>
    </Filter>
    <Filter Include="Graphics\Device">
      <UniqueIdentifier>{4ea4859c-a0dd-4b49-b8ee-4435bc18d9ed}</UniqueIdentifier>
    </Filter>
    <Filter Include="Graphics\Resource">
      <UniqueIdentifier>{f7ffe1d7-3f16-470e-b3fb-c1d634977d0c}</UniqueIdentifier>
    </Filter>
    <Filter Include="Graphics\Pipeline">
      <UniqueIdentifier>{5efc1c3e-690d-419a-b6bb-46ef8ce939d0}</UniqueIdentifier>
    </Filter>
    <Filter Include="Graphics\Renderer">
      <UniqueIdentifier>{0ae04057-4f25-4ac2-8e3e-7f138947ff4a}</UniqueIdentifier>
    </Filter>
    <Filter Include="NetBridge">
      <UniqueIdentifier>{757ff512-363e-4b4b-9995-e514033e6060}</UniqueIdentifier>
    </Filter>
    <Filter Include="NetBridge\01. NWBuffer">
      <UniqueIdentifier>{e76c6816-d432-4b93-89cd-3c016a7a8e3e}</UniqueIdentifier>
    </Filter>
    <Filter Include="NetBridge\01. NWBuffer\00. RecvBuffer">
      <UniqueIdentifier>{a3109b9e-f30d-47f1-a469-c2e290563598}</UniqueIdentifier>
    </Filter>
    <Filter Include="NetBridge\01. NWBuffer\01. PacketBuffer">
      <UniqueIdentifier>{b76b1070-81c6-43fa-a4ab-97758300ab18}</UniqueIdentifier>
    </Filter>
    <Filter Include="Graphics\Resource\Heap">
      <UniqueIdentifier>{db2029bf-c6c5-4026-ab67-75387e76e1c4}</UniqueIdentifier>
    </Filter>
    <Filter Include="Graphics\Device\Command">
      <UniqueIdentifier>{db65bae8-3c6e-4ca4-89fa-f9c2fbc5c2d6}</UniqueIdentifier>
    </Filter>
    <Filter Include="Graphics\Common">
      <UniqueIdentifier>{c298625d-7cb6-4ec9-a006-ebbbf1ecc396}</UniqueIdentifier>
    </Filter>
    <Filter Include="Graphics\Raytracing">
      <UniqueIdentifier>{a64a1ac2-f831-4e59-b951-98694f00ad2c}</UniqueIdentifier>
    </Filter>
    <Filter Include="Common\Core">
      <UniqueIdentifier>{5b7d7db7-c2c7-4457-8d5f-941c8623dc0f}</UniqueIdentifier>
    </Filter>
    <Filter Include="Common\Core\Input">
      <UniqueIdentifier>{af564647-90d4-4e9c-9ca1-071a7e59ba49}</UniqueIdentifier>
    </Filter>
    <Filter Include="Common\Core\Time">
      <UniqueIdentifier>{865c3a9f-276f-4cca-931a-a0dc9e9e1f20}</UniqueIdentifier>
    </Filter>
    <Filter Include="Graphics\Resource\Low Resource">
      <UniqueIdentifier>{0866b4f4-037e-4337-918d-7070c172dd98}</UniqueIdentifier>
    </Filter>
    <Filter Include="Graphics\Resource\Upload/Readback">
      <UniqueIdentifier>{56190046-016b-4454-be0e-ab19be9728fb}</UniqueIdentifier>
    </Filter>
    <Filter Include="Graphics\Resource\LifeTime/State">
      <UniqueIdentifier>{efe1ed8e-ed2e-450b-844e-4f0563698af2}</UniqueIdentifier>
    </Filter>
    <Filter Include="Common\Container">
      <UniqueIdentifier>{540c4765-a220-4970-b8f3-6ed4e3446803}</UniqueIdentifier>
    </Filter>
    <Filter Include="Common\Core\Scene">
      <UniqueIdentifier>{62d55f6b-6a71-4962-af92-5b4a52607360}</UniqueIdentifier>
    </Filter>
    <Filter Include="Common\Object">
      <UniqueIdentifier>{64dd2a36-df34-4eac-9a5a-de0ab2c2bb63}</UniqueIdentifier>
    </Filter>
    <Filter Include="NetBridge\Packets">
      <UniqueIdentifier>{f28137fc-8b52-4c41-9d11-ff570634a8c6}</UniqueIdentifier>
    </Filter>
    <Filter Include="NetBridge\00. Network">
      <UniqueIdentifier>{b75b3135-5ffe-448c-ae59-f676b9c0c512}</UniqueIdentifier>
    </Filter>
  </ItemGroup>
  <ItemGroup>
    <ClInclude Include="include\Vec3.h">
      <Filter>Common\Math</Filter>
    </ClInclude>
    <ClInclude Include="include\DxMath.h">
      <Filter>Common\Math</Filter>
    </ClInclude>
    <ClInclude Include="include\GlobalInterfaces.h">
      <Filter>Common\Global</Filter>
    </ClInclude>
    <ClInclude Include="include\stdafxClientFramework.h" />
    <ClInclude Include="include\DxCommon.h">
      <Filter>Graphics\Common</Filter>
    </ClInclude>
    <ClInclude Include="include\DxCommandContext.h">
      <Filter>Graphics\Device\Command</Filter>
    </ClInclude>
    <ClInclude Include="include\DxCommandContextPool.h">
      <Filter>Graphics\Device\Command</Filter>
    </ClInclude>
    <ClInclude Include="include\DxSwapChain.h">
      <Filter>Graphics\Device</Filter>
    </ClInclude>
    <ClInclude Include="include\GameFramework.h">
      <Filter>Common</Filter>
    </ClInclude>
    <ClInclude Include="include\DxDescriptorHeapGlobal.h">
      <Filter>Graphics\Resource\Heap</Filter>
    </ClInclude>
    <ClInclude Include="include\NetworkGlobal.h">
      <Filter>NetBridge\00. Network</Filter>
    </ClInclude>
    <ClInclude Include="include\RecvBuffer.h">
      <Filter>NetBridge\01. NWBuffer\00. RecvBuffer</Filter>
    </ClInclude>
    <ClInclude Include="include\PacketBuffer.h">
      <Filter>NetBridge\01. NWBuffer\01. PacketBuffer</Filter>
    </ClInclude>
    <ClInclude Include="..\Libraries\inc\SimpleMath.h">
      <Filter>Common\Math</Filter>
    </ClInclude>
    <ClInclude Include="include\InputGlobal.h">
      <Filter>Common\Core\Input</Filter>
    </ClInclude>
    <ClInclude Include="include\TimerGlobal.h">
      <Filter>Common\Core\Time</Filter>
    </ClInclude>
    <ClInclude Include="include\DxFeatureCaps.h">
      <Filter>Graphics\Common</Filter>
    </ClInclude>
    <ClInclude Include="include\DxUtils.h">
      <Filter>Graphics\Common</Filter>
    </ClInclude>
    <ClInclude Include="include\Singleton.h">
      <Filter>Common\Global</Filter>
    </ClInclude>
    <ClInclude Include="include\DxShaderCompilerGlobal.h">
      <Filter>Graphics\Pipeline</Filter>
    </ClInclude>
    <ClInclude Include="include\DxCommandQueueGlobal.h">
      <Filter>Graphics\Device\Command</Filter>
    </ClInclude>
    <ClInclude Include="include\DxDebugGlobal.h">
      <Filter>Graphics\Common</Filter>
    </ClInclude>
    <ClInclude Include="include\DxDeviceGlobal.h">
      <Filter>Graphics\Device</Filter>
    </ClInclude>
    <ClInclude Include="include\IComponent.h">
      <Filter>Component</Filter>
    </ClInclude>
    <ClInclude Include="include\DxResource.h">
      <Filter>Graphics\Resource\Low Resource</Filter>
    </ClInclude>
    <ClInclude Include="include\DxBuffer.h">
      <Filter>Graphics\Resource\Low Resource</Filter>
    </ClInclude>
    <ClInclude Include="include\DxGarbageCollectorGlobal.h">
      <Filter>Graphics\Resource\LifeTime/State</Filter>
    </ClInclude>
    <ClInclude Include="include\DxTexture.h">
      <Filter>Graphics\Resource\Low Resource</Filter>
    </ClInclude>
    <ClInclude Include="include\DxFrameResource.h">
      <Filter>Graphics\Renderer</Filter>
    </ClInclude>
    <ClInclude Include="include\DxBLAS.h">
      <Filter>Graphics\Raytracing</Filter>
    </ClInclude>
    <ClInclude Include="include\DxTLAS.h">
      <Filter>Graphics\Raytracing</Filter>
    </ClInclude>
    <ClInclude Include="include\DxUploadHeap.h">
      <Filter>Graphics\Resource\Upload/Readback</Filter>
    </ClInclude>
    <ClInclude Include="include\MeshComponent.h">
      <Filter>Component</Filter>
    </ClInclude>
    <ClInclude Include="include\DxRtPipelineState.h">
      <Filter>Graphics\Raytracing</Filter>
    </ClInclude>
    <ClInclude Include="include\DxRtShaderTable.h">
      <Filter>Graphics\Raytracing</Filter>
    </ClInclude>
    <ClInclude Include="include\CameraComponent.h">
      <Filter>Component</Filter>
    </ClInclude>
    <ClInclude Include="include\DenseList.h">
      <Filter>Common\Container</Filter>
    </ClInclude>
    <ClInclude Include="include\GameObject.h">
      <Filter>Common\Object</Filter>
    </ClInclude>
    <ClInclude Include="include\RenderDataSync.h">
      <Filter>Common\Container</Filter>
    </ClInclude>
    <ClInclude Include="include\Transform.h">
      <Filter>Component</Filter>
    </ClInclude>
    <ClInclude Include="include\ComponentStorage.h">
      <Filter>Common\Container</Filter>
    </ClInclude>
    <ClInclude Include="include\EngineComponents.h">
      <Filter>Component</Filter>
    </ClInclude>
    <ClInclude Include="include\Scene.h">
      <Filter>Common\Core\Scene</Filter>
    </ClInclude>
    <ClInclude Include="include\SceneGlobal.h">
      <Filter>Common\Core\Scene</Filter>
    </ClInclude>
    <ClInclude Include="include\DxRendererGlobal.h">
      <Filter>Graphics\Renderer</Filter>
    </ClInclude>
    <ClInclude Include="include\IRenderPass.h">
      <Filter>Graphics\Renderer</Filter>
    </ClInclude>
    <ClInclude Include="include\MovementComponent.h">
      <Filter>Component</Filter>
    </ClInclude>
    <ClInclude Include="include\IPacketHandler.h">
      <Filter>NetBridge\Packets</Filter>
    </ClInclude>
    <ClInclude Include="include\RenderContext.h">
      <Filter>Graphics\Renderer</Filter>
    </ClInclude>
    <ClInclude Include="include\IRenderData.h">
      <Filter>Graphics\Renderer</Filter>
    </ClInclude>
    <ClInclude Include="include\RenderDataPool.h">
      <Filter>Graphics\Renderer</Filter>
    </ClInclude>
    <ClInclude Include="include\CommonInclude.h">
      <Filter>Common</Filter>
    </ClInclude>
    <ClInclude Include="include\CommonUtils.h">
      <Filter>Common</Filter>
    </ClInclude>
    <ClInclude Include="include\UIComponent.h">
      <Filter>Component</Filter>
    </ClInclude>
    <ClInclude Include="include\RectTransformComponent.h" />
    <ClInclude Include="include\ImageUIComponent.h" />
    <ClInclude Include="include\ButtonUIComponent.h" />
    <ClInclude Include="include\UIGlobal.h" />
  </ItemGroup>
  <ItemGroup>
    <ClCompile Include="src\GlobalInterfaces.cpp">
      <Filter>Common\Global</Filter>
    </ClCompile>
    <ClCompile Include="src\stdafxClientFramework.cpp" />
    <ClCompile Include="src\GameFramework.cpp">
      <Filter>Common</Filter>
    </ClCompile>
    <ClCompile Include="src\DxCommandContext.cpp">
      <Filter>Graphics\Device\Command</Filter>
    </ClCompile>
    <ClCompile Include="src\DxCommandContextPool.cpp">
      <Filter>Graphics\Device\Command</Filter>
    </ClCompile>
    <ClCompile Include="src\DxSwapChain.cpp">
      <Filter>Graphics\Device</Filter>
    </ClCompile>
    <ClCompile Include="src\DxDescriptorHeapGlobal.cpp">
      <Filter>Graphics\Resource\Heap</Filter>
    </ClCompile>
    <ClCompile Include="src\NetworkGlobal.cpp">
      <Filter>NetBridge\00. Network</Filter>
    </ClCompile>
    <ClCompile Include="src\RecvBuffer.cpp">
      <Filter>NetBridge\01. NWBuffer\00. RecvBuffer</Filter>
    </ClCompile>
    <ClCompile Include="src\PacketBuffer.cpp">
      <Filter>NetBridge\01. NWBuffer\01. PacketBuffer</Filter>
    </ClCompile>
    <ClCompile Include="src\InputGlobal.cpp">
      <Filter>Common\Core\Input</Filter>
    </ClCompile>
    <ClCompile Include="src\TimerGlobal.cpp">
      <Filter>Common\Core\Time</Filter>
    </ClCompile>
    <ClCompile Include="src\DxFeatureCaps.cpp">
      <Filter>Graphics\Common</Filter>
    </ClCompile>
    <ClCompile Include="src\DxUtils.cpp">
      <Filter>Graphics\Common</Filter>
    </ClCompile>
    <ClCompile Include="src\DxShaderCompilerGlobal.cpp">
      <Filter>Graphics\Pipeline</Filter>
    </ClCompile>
    <ClCompile Include="src\DxCommandQueueGlobal.cpp">
      <Filter>Graphics\Device\Command</Filter>
    </ClCompile>
    <ClCompile Include="src\DxDebugGlobal.cpp">
      <Filter>Graphics\Common</Filter>
    </ClCompile>
    <ClCompile Include="src\DxDeviceGlobal.cpp">
      <Filter>Graphics\Device</Filter>
    </ClCompile>
    <ClCompile Include="src\DxResource.cpp">
      <Filter>Graphics\Resource\Low Resource</Filter>
    </ClCompile>
    <ClCompile Include="src\DxBuffer.cpp">
      <Filter>Graphics\Resource\Low Resource</Filter>
    </ClCompile>
    <ClCompile Include="src\DxGarbageCollectorGlobal.cpp">
      <Filter>Graphics\Resource\LifeTime/State</Filter>
    </ClCompile>
    <ClCompile Include="src\DxTexture.cpp">
      <Filter>Graphics\Resource\Low Resource</Filter>
    </ClCompile>
    <ClCompile Include="src\DxFrameResource.cpp">
      <Filter>Graphics\Renderer</Filter>
    </ClCompile>
    <ClCompile Include="src\DxBLAS.cpp">
      <Filter>Graphics\Raytracing</Filter>
    </ClCompile>
    <ClCompile Include="src\DxTLAS.cpp">
      <Filter>Graphics\Raytracing</Filter>
    </ClCompile>
    <ClCompile Include="src\DxUploadHeap.cpp">
      <Filter>Graphics\Resource\Upload/Readback</Filter>
    </ClCompile>
    <ClCompile Include="src\MeshComponent.cpp">
      <Filter>Component</Filter>
    </ClCompile>
    <ClCompile Include="src\DxRtPipelineState.cpp">
      <Filter>Graphics\Raytracing</Filter>
    </ClCompile>
    <ClCompile Include="src\DxRtShaderTable.cpp">
      <Filter>Graphics\Raytracing</Filter>
    </ClCompile>
    <ClCompile Include="src\CameraComponent.cpp">
      <Filter>Component</Filter>
    </ClCompile>
    <ClCompile Include="src\GameObject.cpp">
      <Filter>Common\Object</Filter>
    </ClCompile>
    <ClCompile Include="src\Transform.cpp">
      <Filter>Component</Filter>
    </ClCompile>
    <ClCompile Include="src\Scene.cpp">
      <Filter>Common\Core\Scene</Filter>
    </ClCompile>
    <ClCompile Include="src\SceneGlobal.cpp">
      <Filter>Common\Core\Scene</Filter>
    </ClCompile>
    <ClCompile Include="src\MovementComponent.cpp">
      <Filter>Component</Filter>
    </ClCompile>
    <ClCompile Include="src\DxRendererGlobal.cpp">
      <Filter>Graphics\Renderer</Filter>
    </ClCompile>
    <ClCompile Include="src\IComponent.cpp">
      <Filter>Component</Filter>
    </ClCompile>
    <ClCompile Include="src\CommonUtils.cpp">
      <Filter>Common</Filter>
    </ClCompile>
    <ClCompile Include="src\RectTransformComponent.cpp" />
    <ClCompile Include="src\ImageUIComponent.cpp" />
    <ClCompile Include="src\ButtonUIComponent.cpp" />
    <ClCompile Include="src\UIGlobal.cpp" />
  </ItemGroup>
  <ItemGroup>
    <None Include="..\Libraries\inc\SimpleMath.inl">
      <Filter>Common\Math</Filter>
    </None>
    <None Include="packages.config" />
    <None Include="include\GameObject.inl">
      <Filter>Common\Object</Filter>
    </None>
  </ItemGroup>
</Project>