<?xml version="1.0" encoding="utf-8"?>
<Project ToolsVersion="4.0" xmlns="http://schemas.microsoft.com/developer/msbuild/2003">
  <ItemGroup>
    <Filter Include="Mesh">
      <UniqueIdentifier>{7d950973-2387-4905-b273-3ebed76664a2}</UniqueIdentifier>
    </Filter>
    <Filter Include="Texture">
      <UniqueIdentifier>{d1797ca2-e71d-459f-adf3-14f567527d82}</UniqueIdentifier>
    </Filter>
    <Filter Include="Core">
      <UniqueIdentifier>{801fa6a9-7815-4ed1-b853-90fc91393e01}</UniqueIdentifier>
    </Filter>
    <Filter Include="Material">
      <UniqueIdentifier>{3cb81426-14d1-4d49-8851-87e0d3a9fbad}</UniqueIdentifier>
    </Filter>
  </ItemGroup>
  <ItemGroup>
    <ClInclude Include="include\AssetFormat.h">
      <Filter>Core</Filter>
    </ClInclude>
    <ClInclude Include="include\MeshData.h">
      <Filter>Mesh</Filter>
    </ClInclude>
    <ClInclude Include="include\AssetFile.h">
      <Filter>Core</Filter>
    </ClInclude>
    <ClInclude Include="include\AssetLoader.h">
      <Filter>Core</Filter>
    </ClInclude>
    <ClInclude Include="include\TextureData.h">
      <Filter>Texture</Filter>
    </ClInclude>
    <ClInclude Include="include\MaterialData.h">
      <Filter>Material</Filter>
    </ClInclude>
  </ItemGroup>
  <ItemGroup>
    <ClCompile Include="src\AssetFile.cpp">
      <Filter>Core</Filter>
    </ClCompile>
    <ClCompile Include="src\MeshData.cpp">
      <Filter>Mesh</Filter>
    </ClCompile>
    <ClCompile Include="src\TextureData.cpp">
      <Filter>Texture</Filter>
    </ClCompile>
    <ClCompile Include="src\MaterialData.cpp">
      <Filter>Material</Filter>
    </ClCompile>
  </ItemGroup>
  <ItemGroup>
    <None Include="..\.clang-format" />
  </ItemGroup>
</Project>