<?xml version="1.0" encoding="utf-8"?>
<Project ToolsVersion="4.0" xmlns="http://schemas.microsoft.com/developer/msbuild/2003">
  <ItemGroup>
    <ClInclude Include="NetworkManager.h">
      <Filter>00. NetworkManager</Filter>
    </ClInclude>
    <ClInclude Include="NetBridgeDefines.h">
      <Filter>98. Headers</Filter>
    </ClInclude>
    <ClInclude Include="NetBridgePch.h">
      <Filter>99. pch</Filter>
    </ClInclude>
    <ClInclude Include="pch.h">
      <Filter>99. pch</Filter>
    </ClInclude>
    <ClInclude Include="RecvBuffer.h">
      <Filter>01. NetworkBuffer\00. RecvBuffer</Filter>
    </ClInclude>
    <ClInclude Include="PacketBuffer.h">
      <Filter>01. NetworkBuffer\01. PacketBuffer</Filter>
    </ClInclude>
    <ClInclude Include="PacketHandler.h">
      <Filter>02. Packets\01. PacketHandler</Filter>
    </ClInclude>
    <ClInclude Include="..\..\EisenValor-Server\Server\TestPackets.h">
      <Filter>98. Headers</Filter>
    </ClInclude>
    <ClInclude Include="NetBridgeEnums.h">
      <Filter>98. Headers</Filter>
    </ClInclude>
  </ItemGroup>
  <ItemGroup>
    <ClCompile Include="NetworkManager.cpp">
      <Filter>00. NetworkManager</Filter>
    </ClCompile>
    <ClCompile Include="NetBridgePch.cpp">
      <Filter>99. pch</Filter>
    </ClCompile>
    <ClCompile Include="pch.cpp">
      <Filter>99. pch</Filter>
    </ClCompile>
    <ClCompile Include="RecvBuffer.cpp">
      <Filter>01. NetworkBuffer\00. RecvBuffer</Filter>
    </ClCompile>
    <ClCompile Include="PacketBuffer.cpp">
      <Filter>01. NetworkBuffer\01. PacketBuffer</Filter>
    </ClCompile>
    <ClCompile Include="PacketHandler.cpp">
      <Filter>02. Packets\01. PacketHandler</Filter>
    </ClCompile>
  </ItemGroup>
  <ItemGroup>
    <Filter Include="00. NetworkManager">
      <UniqueIdentifier>{db510964-c8de-4509-8b1a-82f9174fb22f}</UniqueIdentifier>
    </Filter>
    <Filter Include="98. Headers">
      <UniqueIdentifier>{2ecde021-b4f8-4663-9414-a51cddca58f8}</UniqueIdentifier>
    </Filter>
    <Filter Include="99. pch">
      <UniqueIdentifier>{ccb219ad-82bc-4732-aeff-f891a906d623}</UniqueIdentifier>
    </Filter>
    <Filter Include="01. NetworkBuffer">
      <UniqueIdentifier>{6fde4665-fab6-440f-b2c8-4df40e1cfc7a}</UniqueIdentifier>
    </Filter>
    <Filter Include="02. Packets">
      <UniqueIdentifier>{480897c6-b8c3-49b2-abbb-509250eab37d}</UniqueIdentifier>
    </Filter>
    <Filter Include="01. NetworkBuffer\00. RecvBuffer">
      <UniqueIdentifier>{88a1f1c2-a0c2-45de-ba1f-313a09a386ef}</UniqueIdentifier>
    </Filter>
    <Filter Include="02. Packets\01. PacketHandler">
      <UniqueIdentifier>{728e1d37-bc7a-4e34-8e09-d805c4092f64}</UniqueIdentifier>
    </Filter>
    <Filter Include="02. Packets\00. FBS">
      <UniqueIdentifier>{23c30aac-9bc0-4e71-8f9e-b468e11047fb}</UniqueIdentifier>
    </Filter>
    <Filter Include="01. NetworkBuffer\01. PacketBuffer">
      <UniqueIdentifier>{777c754d-8bb4-4b45-a07c-faafad0b58bf}</UniqueIdentifier>
    </Filter>
  </ItemGroup>
  <ItemGroup>
    <None Include="..\Packets\Binaries\Enums.fbs">
      <Filter>02. Packets\00. FBS</Filter>
    </None>
    <None Include="..\Packets\Binaries\Structs.fbs">
      <Filter>02. Packets\00. FBS</Filter>
    </None>
    <None Include="..\Packets\Binaries\Tables.fbs">
      <Filter>02. Packets\00. FBS</Filter>
    </None>
    <None Include="packages.config" />
  </ItemGroup>
</Project>