<?xml version="1.0" encoding="utf-8"?>
<Project ToolsVersion="4.0" xmlns="http://schemas.microsoft.com/developer/msbuild/2003">
  <ItemGroup>
    <Filter Include="소스 파일">
      <UniqueIdentifier>{4FC737F1-C7A5-4376-A066-2A32D752A2FF}</UniqueIdentifier>
      <Extensions>cpp;c;cc;cxx;c++;cppm;ixx;def;odl;idl;hpj;bat;asm;asmx</Extensions>
    </Filter>
    <Filter Include="헤더 파일">
      <UniqueIdentifier>{93995380-89BD-4b04-88EB-625FBE52EBFB}</UniqueIdentifier>
      <Extensions>h;hh;hpp;hxx;h++;hm;inl;inc;ipp;xsd</Extensions>
    </Filter>
    <Filter Include="리소스 파일">
      <UniqueIdentifier>{67DA6AB6-F800-4c08-8B7A-83BB121AAD01}</UniqueIdentifier>
      <Extensions>rc;ico;cur;bmp;dlg;rc2;rct;bin;rgs;gif;jpg;jpeg;jpe;resx;tiff;tif;png;wav;mfcribbon-ms</Extensions>
    </Filter>
    <Filter Include="Mocks">
      <UniqueIdentifier>{48fdd436-da4f-458d-864f-f40b5a8d7fee}</UniqueIdentifier>
    </Filter>
    <Filter Include="Interfaces">
      <UniqueIdentifier>{f8f0ee75-deb0-4f05-a00f-07f017fc629a}</UniqueIdentifier>
    </Filter>
    <Filter Include="Common">
      <UniqueIdentifier>{d0555e50-c284-443c-abd7-c952067109d2}</UniqueIdentifier>
    </Filter>
    <Filter Include="Common\Global">
      <UniqueIdentifier>{2f272707-52fc-45be-b2cd-8726be261de7}</UniqueIdentifier>
    </Filter>
    <Filter Include="Common\Math">
      <UniqueIdentifier>{5102b7f6-7f00-456f-8015-91745736a346}</UniqueIdentifier>
    </Filter>
    <Filter Include="Common\Global\Globals">
      <UniqueIdentifier>{04aafb1e-85c9-497b-9a5d-e3f0468a9dd9}</UniqueIdentifier>
    </Filter>
    <Filter Include="Common\Global\Globals\InputGlobal">
      <UniqueIdentifier>{7a490342-8cfc-443e-93ac-617349dd5516}</UniqueIdentifier>
    </Filter>
    <Filter Include="Common\Global\Globals\TimerGlobal">
      <UniqueIdentifier>{7c58dce9-5568-4597-80f6-47383c01b514}</UniqueIdentifier>
    </Filter>
  </ItemGroup>
  <ItemGroup>
    <ClInclude Include="Resource.h">
      <Filter>헤더 파일</Filter>
    </ClInclude>
    <ClInclude Include="IInputGlobal.h">
      <Filter>Interfaces</Filter>
    </ClInclude>
    <ClInclude Include="InputGlobal.h">
      <Filter>Common\Global\Globals\InputGlobal</Filter>
    </ClInclude>
    <ClInclude Include="IGlobal.h">
      <Filter>Interfaces</Filter>
    </ClInclude>
    <ClInclude Include="InputDef.h">
      <Filter>Common\Global\Globals\InputGlobal</Filter>
    </ClInclude>
    <ClInclude Include="ITimerGlobal.h">
      <Filter>Interfaces</Filter>
    </ClInclude>
    <ClInclude Include="GameFramework.h">
      <Filter>Common</Filter>
    </ClInclude>
    <ClInclude Include="stdafx.h">
      <Filter>Common</Filter>
    </ClInclude>
    <ClInclude Include="TimerGlobal.h">
      <Filter>Common\Global\Globals\TimerGlobal</Filter>
    </ClInclude>
    <ClInclude Include="Global.h">
      <Filter>Common\Global</Filter>
    </ClInclude>
    <ClInclude Include="Math.h">
      <Filter>Common\Math</Filter>
    </ClInclude>
    <ClInclude Include="IntX.h">
      <Filter>Common\Math</Filter>
    </ClInclude>
    <ClInclude Include="Vec2.h">
      <Filter>Common\Math</Filter>
    </ClInclude>
    <ClInclude Include="Vec3.h">
      <Filter>Common\Math</Filter>
    </ClInclude>
    <ClInclude Include="Vec4.h">
      <Filter>Common\Math</Filter>
    </ClInclude>
    <ClInclude Include="Mat4.h">
      <Filter>Common\Math</Filter>
    </ClInclude>
    <ClInclude Include="Quaternion.h">
      <Filter>Common\Math</Filter>
    </ClInclude>
    <ClInclude Include="Color.h">
      <Filter>Common\Math</Filter>
    </ClInclude>
    <ClInclude Include="Plane.h">
      <Filter>Common\Math</Filter>
    </ClInclude>
    <ClInclude Include="EisenValor.h">
      <Filter>헤더 파일</Filter>
    </ClInclude>
    <ClInclude Include="GlobalInterfaces.h">
      <Filter>Common\Global</Filter>
    </ClInclude>
  </ItemGroup>
  <ItemGroup>
    <ClCompile Include="stdafx.cpp">
      <Filter>소스 파일</Filter>
    </ClCompile>
    <ClCompile Include="InputGlobal.cpp">
      <Filter>Common\Global\Globals\InputGlobal</Filter>
    </ClCompile>
    <ClCompile Include="GameFramework.cpp">
      <Filter>Common</Filter>
    </ClCompile>
    <ClCompile Include="TimerGlobal.cpp">
      <Filter>Common\Global\Globals\TimerGlobal</Filter>
    </ClCompile>
    <ClCompile Include="EisenValor.cpp">
      <Filter>소스 파일</Filter>
    </ClCompile>
    <ClCompile Include="GlobalInterfaces.cpp">
      <Filter>Common\Global</Filter>
    </ClCompile>
  </ItemGroup>
  <ItemGroup>
    <ResourceCompile Include="EisenValor.rc">
      <Filter>리소스 파일</Filter>
    </ResourceCompile>
  </ItemGroup>
  <ItemGroup>
    <Image Include="small.ico">
      <Filter>리소스 파일</Filter>
    </Image>
    <Image Include="EisenValor.ico">
      <Filter>리소스 파일</Filter>
    </Image>
  </ItemGroup>
</Project>