<?xml version="1.0" encoding="utf-8"?>
<Project ToolsVersion="4.0" xmlns="http://schemas.microsoft.com/developer/msbuild/2003">
  <ItemGroup>
    <ClCompile Include="Server.cpp">
      <Filter>00. Server</Filter>
    </ClCompile>
    <ClCompile Include="pch.cpp">
      <Filter>99. pch</Filter>
    </ClCompile>
    <ClCompile Include="ServerManager.cpp">
      <Filter>96. Managers\00. ServerManager</Filter>
    </ClCompile>
    <ClCompile Include="ClientSession.cpp">
      <Filter>01. ClientSessionManager\00. ClientSession</Filter>
    </ClCompile>
    <ClCompile Include="ClientSessionManager.cpp">
      <Filter>01. ClientSessionManager</Filter>
    </ClCompile>
    <ClCompile Include="GameMatch.cpp">
      <Filter>02. Contents\00. GameMatch</Filter>
    </ClCompile>
  </ItemGroup>
  <ItemGroup>
    <Filter Include="00. Server">
      <UniqueIdentifier>{cd2a2db3-f1f0-4a1b-bf92-80e83ed3fdb2}</UniqueIdentifier>
    </Filter>
    <Filter Include="98. Scripts">
      <UniqueIdentifier>{0fc7fec9-5f24-426c-b3c1-9055ddde20ca}</UniqueIdentifier>
    </Filter>
    <Filter Include="99. pch">
      <UniqueIdentifier>{64f719ef-6016-45fe-a3ed-1988873376d4}</UniqueIdentifier>
    </Filter>
    <Filter Include="97. Headers">
      <UniqueIdentifier>{1745fc1b-553c-4224-825e-7cefc9cd4c15}</UniqueIdentifier>
    </Filter>
    <Filter Include="96. Managers">
      <UniqueIdentifier>{4fe37554-9a99-4e00-89b3-2ab94c0fb3c0}</UniqueIdentifier>
    </Filter>
    <Filter Include="96. Managers\00. ServerManager">
      <UniqueIdentifier>{f1701da0-3397-403e-ba78-5576bbec78d9}</UniqueIdentifier>
    </Filter>
    <Filter Include="01. ClientSessionManager">
      <UniqueIdentifier>{e7bed467-3e89-4a3b-877a-09b6eba0ec3b}</UniqueIdentifier>
    </Filter>
    <Filter Include="01. ClientSessionManager\00. ClientSession">
      <UniqueIdentifier>{cbaaff46-38ff-49d6-afed-319281533012}</UniqueIdentifier>
    </Filter>
    <Filter Include="02. Contents">
      <UniqueIdentifier>{85f57f8d-80af-4c06-b994-2090cf297ef8}</UniqueIdentifier>
    </Filter>
    <Filter Include="02. Contents\00. GameMatch">
      <UniqueIdentifier>{22cf3e7d-4884-4e60-8ba4-1b388524b406}</UniqueIdentifier>
    </Filter>
    <Filter Include="02. Contents\00. GameMatch\00. GameObject">
      <UniqueIdentifier>{f3345a1e-7527-4640-85f9-b9e90538ceba}</UniqueIdentifier>
    </Filter>
    <Filter Include="02. Contents\00. GameMatch\00. GameObject\00. Player">
      <UniqueIdentifier>{205d4272-d1c8-4341-867e-4a0a9753be53}</UniqueIdentifier>
    </Filter>
  </ItemGroup>
  <ItemGroup>
    <ClInclude Include="pch.h">
      <Filter>99. pch</Filter>
    </ClInclude>
    <ClInclude Include="ServerManager.h">
      <Filter>96. Managers\00. ServerManager</Filter>
    </ClInclude>
    <ClInclude Include="ClientSession.h">
      <Filter>01. ClientSessionManager\00. ClientSession</Filter>
    </ClInclude>
    <ClInclude Include="ClientSessionManager.h">
      <Filter>01. ClientSessionManager</Filter>
    </ClInclude>
    <ClInclude Include="TestPackets.h">
      <Filter>97. Headers</Filter>
    </ClInclude>
    <ClInclude Include="GameMatch.h">
      <Filter>02. Contents\00. GameMatch</Filter>
    </ClInclude>
  </ItemGroup>
  <ItemGroup>
    <None Include="..\Scripts\CopyHeaders.bat">
      <Filter>98. Scripts</Filter>
    </None>
    <None Include="packages.config" />
  </ItemGroup>
</Project>