<?xml version="1.0" encoding="utf-8"?>
<Project ToolsVersion="4.0" xmlns="http://schemas.microsoft.com/developer/msbuild/2003">
  <ItemGroup>
    <ClCompile Include="Server.cpp">
      <Filter>00. Server</Filter>
    </ClCompile>
    <ClCompile Include="pch.cpp">
      <Filter>99. pch</Filter>
    </ClCompile>
    <ClCompile Include="ServerManager.cpp">
      <Filter>96. Managers\00. ServerManager</Filter>
    </ClCompile>
    <ClCompile Include="ClientSession.cpp">
      <Filter>01. ClientSessionManager\00. ClientSession</Filter>
    </ClCompile>
    <ClCompile Include="ClientSessionManager.cpp">
      <Filter>01. ClientSessionManager</Filter>
    </ClCompile>
    <ClCompile Include="ClientPacketHandler.cpp">
      <Filter>03. Packets\01. PacketHandler</Filter>
    </ClCompile>
    <ClCompile Include="GameMatch.cpp">
      <Filter>02. Contents\00. GameMatch</Filter>
    </ClCompile>
    <ClCompile Include="GameObject.cpp">
      <Filter>02. Contents\01. GameObject</Filter>
    </ClCompile>
    <ClCompile Include="General.cpp">
      <Filter>02. Contents\01. GameObject\00. General</Filter>
    </ClCompile>
    <ClCompile Include="Soldier.cpp">
      <Filter>02. Contents\01. GameObject\01. Soldier</Filter>
    </ClCompile>
    <ClCompile Include="GameObjectFactory.cpp">
      <Filter>02. Contents\02. Factory</Filter>
    </ClCompile>
    <ClCompile Include="GameMatchManager.cpp">
      <Filter>96. Managers\01. GameMatchManager</Filter>
    </ClCompile>
  </ItemGroup>
  <ItemGroup>
    <Filter Include="00. Server">
      <UniqueIdentifier>{cd2a2db3-f1f0-4a1b-bf92-80e83ed3fdb2}</UniqueIdentifier>
    </Filter>
    <Filter Include="98. Scripts">
      <UniqueIdentifier>{0fc7fec9-5f24-426c-b3c1-9055ddde20ca}</UniqueIdentifier>
    </Filter>
    <Filter Include="99. pch">
      <UniqueIdentifier>{64f719ef-6016-45fe-a3ed-1988873376d4}</UniqueIdentifier>
    </Filter>
    <Filter Include="97. Headers">
      <UniqueIdentifier>{1745fc1b-553c-4224-825e-7cefc9cd4c15}</UniqueIdentifier>
    </Filter>
    <Filter Include="96. Managers">
      <UniqueIdentifier>{4fe37554-9a99-4e00-89b3-2ab94c0fb3c0}</UniqueIdentifier>
    </Filter>
    <Filter Include="96. Managers\00. ServerManager">
      <UniqueIdentifier>{f1701da0-3397-403e-ba78-5576bbec78d9}</UniqueIdentifier>
    </Filter>
    <Filter Include="01. ClientSessionManager">
      <UniqueIdentifier>{e7bed467-3e89-4a3b-877a-09b6eba0ec3b}</UniqueIdentifier>
    </Filter>
    <Filter Include="01. ClientSessionManager\00. ClientSession">
      <UniqueIdentifier>{cbaaff46-38ff-49d6-afed-319281533012}</UniqueIdentifier>
    </Filter>
    <Filter Include="02. Contents">
      <UniqueIdentifier>{85f57f8d-80af-4c06-b994-2090cf297ef8}</UniqueIdentifier>
    </Filter>
    <Filter Include="02. Contents\00. GameMatch">
      <UniqueIdentifier>{22cf3e7d-4884-4e60-8ba4-1b388524b406}</UniqueIdentifier>
    </Filter>
    <Filter Include="03. Packets">
      <UniqueIdentifier>{a72fea0a-efab-4482-a77f-c526fc498cbd}</UniqueIdentifier>
    </Filter>
    <Filter Include="03. Packets\01. PacketHandler">
      <UniqueIdentifier>{9cf6da8a-19bb-4a9d-a126-f1a4dba6e24a}</UniqueIdentifier>
    </Filter>
    <Filter Include="03. Packets\00. Schema">
      <UniqueIdentifier>{2b95e60b-2a18-4e25-8e90-c47c9b9dd645}</UniqueIdentifier>
    </Filter>
    <Filter Include="02. Contents\01. GameObject">
      <UniqueIdentifier>{f3345a1e-7527-4640-85f9-b9e90538ceba}</UniqueIdentifier>
    </Filter>
    <Filter Include="02. Contents\01. GameObject\00. General">
      <UniqueIdentifier>{f811921f-5768-4b9f-a0cf-5adbdd7b2aa3}</UniqueIdentifier>
    </Filter>
    <Filter Include="02. Contents\01. GameObject\01. Soldier">
      <UniqueIdentifier>{a3c6f62a-55d7-4f07-9cab-0acbac186255}</UniqueIdentifier>
    </Filter>
    <Filter Include="02. Contents\02. Factory">
      <UniqueIdentifier>{37d126e9-b075-41d8-84f6-979642b2e328}</UniqueIdentifier>
    </Filter>
    <Filter Include="96. Managers\01. GameMatchManager">
      <UniqueIdentifier>{69b99707-0b8a-4adb-88d6-69a279587bcb}</UniqueIdentifier>
    </Filter>
  </ItemGroup>
  <ItemGroup>
    <ClInclude Include="pch.h">
      <Filter>99. pch</Filter>
    </ClInclude>
    <ClInclude Include="ServerManager.h">
      <Filter>96. Managers\00. ServerManager</Filter>
    </ClInclude>
    <ClInclude Include="ClientSession.h">
      <Filter>01. ClientSessionManager\00. ClientSession</Filter>
    </ClInclude>
    <ClInclude Include="ClientSessionManager.h">
      <Filter>01. ClientSessionManager</Filter>
    </ClInclude>
    <ClInclude Include="ClientPacketHandler.h">
      <Filter>03. Packets\01. PacketHandler</Filter>
    </ClInclude>
    <ClInclude Include="GameMatch.h">
      <Filter>02. Contents\00. GameMatch</Filter>
    </ClInclude>
    <ClInclude Include="GameObject.h">
      <Filter>02. Contents\01. GameObject</Filter>
    </ClInclude>
    <ClInclude Include="General.h">
      <Filter>02. Contents\01. GameObject\00. General</Filter>
    </ClInclude>
    <ClInclude Include="Soldier.h">
      <Filter>02. Contents\01. GameObject\01. Soldier</Filter>
    </ClInclude>
    <ClInclude Include="ServerEnums.h">
      <Filter>97. Headers</Filter>
    </ClInclude>
    <ClInclude Include="GameObjectFactory.h">
      <Filter>02. Contents\02. Factory</Filter>
    </ClInclude>
    <ClInclude Include="ServerStructs.h">
      <Filter>97. Headers</Filter>
    </ClInclude>
    <ClInclude Include="..\Libraries\inc\SimpleMath.h">
      <Filter>99. pch</Filter>
    </ClInclude>
    <ClInclude Include="ServerTypes.h">
      <Filter>97. Headers</Filter>
    </ClInclude>
    <ClInclude Include="GameMatchManager.h">
      <Filter>96. Managers\01. GameMatchManager</Filter>
    </ClInclude>
  </ItemGroup>
  <ItemGroup>
    <None Include="packages.config" />
    <None Include="..\Packets\Binaries\GenPackets.bat">
      <Filter>03. Packets\00. Schema</Filter>
    </None>
    <None Include="..\Packets\Binaries\Enums.fbs">
      <Filter>03. Packets\00. Schema</Filter>
    </None>
    <None Include="..\Packets\Binaries\Structs.fbs">
      <Filter>03. Packets\00. Schema</Filter>
    </None>
    <None Include="..\Packets\Binaries\Tables.fbs">
      <Filter>03. Packets\00. Schema</Filter>
    </None>
    <None Include="..\Libraries\inc\SimpleMath.inl">
      <Filter>99. pch</Filter>
    </None>
  </ItemGroup>
</Project>